Microsoft Visual Studio Solution File, Format Version 12.00
# Visual Studio Version 17
VisualStudioVersion = 17.5.2.0
MinimumVisualStudioVersion = 10.0.40219.1
Project("{FAE04EC0-301F-11D3-BF4B-00C04F79EFBC}") = "chess-programming-algo", "chess-programming-algo.csproj", "{05669C78-B203-DF8A-EAB3-AED70D0CAD47}"
EndProject
Global
	GlobalSection(SolutionConfigurationPlatforms) = preSolution
		Debug|Any CPU = Debug|Any CPU
		Release|Any CPU = Release|Any CPU
	EndGlobalSection
	GlobalSection(ProjectConfigurationPlatforms) = postSolution
		{05669C78-B203-DF8A-EAB3-AED70D0CAD47}.Debug|Any CPU.ActiveCfg = Debug|Any CPU
		{05669C78-B203-DF8A-EAB3-AED70D0CAD47}.Debug|Any CPU.Build.0 = Debug|Any CPU
		{05669C78-B203-DF8A-EAB3-AED70D0CAD47}.Release|Any CPU.ActiveCfg = Release|Any CPU
		{05669C78-B203-DF8A-EAB3-AED70D0CAD47}.Release|Any CPU.Build.0 = Release|Any CPU
	EndGlobalSection
	GlobalSection(SolutionProperties) = preSolution
		HideSolutionNode = FALSE
	EndGlobalSection
	GlobalSection(ExtensibilityGlobals) = postSolution
		SolutionGuid = {CBB98A80-F00A-4285-9145-6DD7817B0A67}
	EndGlobalSection
EndGlobal
